schema: '2.0'
stages:
  prepare:
    cmd: python ./mdsist/preprocessing.py ./data/raw/train-00000-of-00001.parquet
      ./data/raw/test-00000-of-00001.parquet ./data/processed/train.parquet ./data/processed/validation.parquet
      ./data/processed/test.parquet
    deps:
    - path: ./data/raw/test-00000-of-00001.parquet
      hash: md5
      md5: efc834dd13282f64d5b14a173f84c69f
      size: 2595890
    - path: ./data/raw/train-00000-of-00001.parquet
      hash: md5
      md5: d04baeb63720e9dc4aa6ecc1ba18d581
      size: 15561616
    - path: ./mdsist/preprocessing.py
      hash: md5
      md5: a567415c8ad75ab63ae6594a9aefa827
      size: 2600
    params:
      params.yaml:
        preprocessing.random_state: 42
        preprocessing.training_split: 0.7
        preprocessing.validation_split: 0.15
    outs:
    - path: ./data/processed/test.parquet
      hash: md5
      md5: 173a1e6203bbd37f447207b7bca03397
      size: 2468923
    - path: ./data/processed/train.parquet
      hash: md5
      md5: 18d0d44209ff4478668fe9944499afe2
      size: 11508894
    - path: ./data/processed/validation.parquet
      hash: md5
      md5: 213d333f5350a8ea8a247bab74fe38a0
      size: 2480735
  train:
    cmd: python mdsist/modeling/train.py data/processed/train.parquet data/processed/validation.parquet
      models/model.pt
    deps:
    - path: data/processed
      hash: md5
      md5: b64135c6bb44ae5ee59d45c9f8ff4d10.dir
      size: 16458552
      nfiles: 3
    - path: mdsist/architectures.py
      hash: md5
      md5: a79126c2621dd531ee80325699225c8d
      size: 1763
    - path: mdsist/dataset.py
      hash: md5
      md5: 619572fb810178a47b7f460f70e075f5
      size: 2968
    - path: mdsist/modeling/train.py
      hash: md5
      md5: 3f5f7012e202f84c1fa171548d967de8
      size: 5464
    - path: mdsist/trainer.py
      hash: md5
      md5: 4593e5c04e2237050e562f47f28d7fb0
      size: 6273
    - path: mdsist/util.py
      hash: md5
      md5: aa38863f562145b216ec3f3acdcb7037
      size: 1777
    params:
      params.yaml:
        training.batch_size: 64
        training.epochs: 5
        training.experiment_id: pipelineTesting6
        training.learning_rate: 0.001
        training.seed: 42
    outs:
    - path: models/model.pt
      hash: md5
      md5: faf351d0b17cfde2f80220783f41e654
      size: 832552
